
Microsoft Visual Studio Solution File, Format Version 12.00
# Visual Studio Version 16
VisualStudioVersion = 16.0.30907.101
MinimumVisualStudioVersion = 10.0.40219.1
Project("{FAE04EC0-301F-11D3-BF4B-00C04F79EFBC}") = "TUBGWorldGenerator", "TUBGWorldGenerator\TUBGWorldGenerator.csproj", "{315AD8D5-CDB1-4FBE-AD3A-05CF59312B74}"
EndProject
Global
	GlobalSection(SolutionConfigurationPlatforms) = preSolution
		Debug|Any CPU = Debug|Any CPU
		Release|Any CPU = Release|Any CPU
	EndGlobalSection
	GlobalSection(ProjectConfigurationPlatforms) = postSolution
		{315AD8D5-CDB1-4FBE-AD3A-05CF59312B74}.Debug|Any CPU.ActiveCfg = Debug|Any CPU
		{315AD8D5-CDB1-4FBE-AD3A-05CF59312B74}.Debug|Any CPU.Build.0 = Debug|Any CPU
		{315AD8D5-CDB1-4FBE-AD3A-05CF59312B74}.Release|Any CPU.ActiveCfg = Release|Any CPU
		{315AD8D5-CDB1-4FBE-AD3A-05CF59312B74}.Release|Any CPU.Build.0 = Release|Any CPU
	EndGlobalSection
	GlobalSection(SolutionProperties) = preSolution
		HideSolutionNode = FALSE
	EndGlobalSection
	GlobalSection(ExtensibilityGlobals) = postSolution
		SolutionGuid = {0CD412C2-DC9B-4B5F-979B-9DD57D946AFE}
	EndGlobalSection
EndGlobal
